
Microsoft Visual Studio Solution File, Format Version 12.00
# Visual Studio Version 16
VisualStudioVersion = 16.0.31727.386
MinimumVisualStudioVersion = 10.0.40219.1
Project("{9A19103F-16F7-4668-BE54-9A1E7A4F7556}") = "BackForWebEducation", "BackForWebEducation\BackForWebEducation.csproj", "{5339E477-2DEB-4CB8-A30F-2A56A0A40AE5}"
EndProject
Project("{9A19103F-16F7-4668-BE54-9A1E7A4F7556}") = "UnitTest", "UnitTest\UnitTest.csproj", "{025659B6-DD32-4B29-ADB2-BF13542C2208}"
EndProject
Global
	GlobalSection(SolutionConfigurationPlatforms) = preSolution
		Debug|Any CPU = Debug|Any CPU
		Release|Any CPU = Release|Any CPU
	EndGlobalSection
	GlobalSection(ProjectConfigurationPlatforms) = postSolution
		{5339E477-2DEB-4CB8-A30F-2A56A0A40AE5}.Debug|Any CPU.ActiveCfg = Debug|Any CPU
		{5339E477-2DEB-4CB8-A30F-2A56A0A40AE5}.Debug|Any CPU.Build.0 = Debug|Any CPU
		{5339E477-2DEB-4CB8-A30F-2A56A0A40AE5}.Release|Any CPU.ActiveCfg = Release|Any CPU
		{5339E477-2DEB-4CB8-A30F-2A56A0A40AE5}.Release|Any CPU.Build.0 = Release|Any CPU
		{025659B6-DD32-4B29-ADB2-BF13542C2208}.Debug|Any CPU.ActiveCfg = Debug|Any CPU
		{025659B6-DD32-4B29-ADB2-BF13542C2208}.Debug|Any CPU.Build.0 = Debug|Any CPU
		{025659B6-DD32-4B29-ADB2-BF13542C2208}.Release|Any CPU.ActiveCfg = Release|Any CPU
		{025659B6-DD32-4B29-ADB2-BF13542C2208}.Release|Any CPU.Build.0 = Release|Any CPU
	EndGlobalSection
	GlobalSection(SolutionProperties) = preSolution
		HideSolutionNode = FALSE
	EndGlobalSection
	GlobalSection(ExtensibilityGlobals) = postSolution
		SolutionGuid = {28990BF5-75E0-445A-B3AD-15A89A08CE9B}
	EndGlobalSection
EndGlobal
